
Microsoft Visual Studio Solution File, Format Version 12.00
# Visual Studio Version 17
VisualStudioVersion = 17.3.32929.385
MinimumVisualStudioVersion = 10.0.40219.1
Project("{8BC9CEB8-8B4A-11D0-8D11-00A0C91BC942}") = "ConsoleApplicationCLang", "ConsoleApplicationCLang\ConsoleApplicationCLang.vcxproj", "{76D4C97D-99D6-44A5-A924-13DD3ABE0649}"
EndProject
Global
	GlobalSection(SolutionConfigurationPlatforms) = preSolution
		Debug|x64 = Debug|x64
		Debug|x86 = Debug|x86
		Release|x64 = Release|x64
		Release|x86 = Release|x86
	EndGlobalSection
	GlobalSection(ProjectConfigurationPlatforms) = postSolution
		{76D4C97D-99D6-44A5-A924-13DD3ABE0649}.Debug|x64.ActiveCfg = Debug|x64
		{76D4C97D-99D6-44A5-A924-13DD3ABE0649}.Debug|x64.Build.0 = Debug|x64
		{76D4C97D-99D6-44A5-A924-13DD3ABE0649}.Debug|x86.ActiveCfg = Debug|Win32
		{76D4C97D-99D6-44A5-A924-13DD3ABE0649}.Debug|x86.Build.0 = Debug|Win32
		{76D4C97D-99D6-44A5-A924-13DD3ABE0649}.Release|x64.ActiveCfg = Release|x64
		{76D4C97D-99D6-44A5-A924-13DD3ABE0649}.Release|x64.Build.0 = Release|x64
		{76D4C97D-99D6-44A5-A924-13DD3ABE0649}.Release|x86.ActiveCfg = Release|Win32
		{76D4C97D-99D6-44A5-A924-13DD3ABE0649}.Release|x86.Build.0 = Release|Win32
	EndGlobalSection
	GlobalSection(SolutionProperties) = preSolution
		HideSolutionNode = FALSE
	EndGlobalSection
	GlobalSection(ExtensibilityGlobals) = postSolution
		SolutionGuid = {5738561B-76F7-424E-921E-8B8DB6CE2830}
	EndGlobalSection
EndGlobal
